{
    "name": "sptec-lazyload",
    "version": "1.0.0",
    "lockfileVersion": 1,
    "requires": true,
    "dependencies": {
        "lazysizes": {
            "version": "5.2.1",
            "resolved": "https://registry.npmjs.org/lazysizes/-/lazysizes-5.2.1.tgz",
            "integrity": "sha512-607dEMlbcnkny2lGYVqoA/rQO+WGpWh/BISeS1eLfT8nHQw6E+R8ybJoKKGVlZ2czKPTATrsU95f+nkwix0fXw=="
        }
    }
}
