{
    "name": "sptec-lazyload",
    "version": "1.0.0",
    "lockfileVersion": 1,
    "requires": true,
    "dependencies": {
        "lazysizes": {
            "version": "5.2.0",
            "resolved": "https://registry.npmjs.org/lazysizes/-/lazysizes-5.2.0.tgz",
            "integrity": "sha512-931KnHwsdCm7U7/S0GDj6FSkPvQ3ugGw65J5Plp2Mq1gBTPl9VShU+cIIX6uRr+dit+APDLmvx1FwjDll5bHLQ=="
        }
    }
}
